
Microsoft Visual Studio Solution File, Format Version 12.00
# Visual Studio Version 17
VisualStudioVersion = 17.9.34622.214
MinimumVisualStudioVersion = 10.0.40219.1
Project("{FAE04EC0-301F-11D3-BF4B-00C04F79EFBC}") = "Solaris 2.0", "Solaris 2.0\Solaris 2.0.csproj", "{AC384C2C-861A-43BE-8EA0-4B662E8A1BE2}"
EndProject
Global
	GlobalSection(SolutionConfigurationPlatforms) = preSolution
		Debug|Any CPU = Debug|Any CPU
		Release|Any CPU = Release|Any CPU
	EndGlobalSection
	GlobalSection(ProjectConfigurationPlatforms) = postSolution
		{AC384C2C-861A-43BE-8EA0-4B662E8A1BE2}.Debug|Any CPU.ActiveCfg = Debug|Any CPU
		{AC384C2C-861A-43BE-8EA0-4B662E8A1BE2}.Debug|Any CPU.Build.0 = Debug|Any CPU
		{AC384C2C-861A-43BE-8EA0-4B662E8A1BE2}.Release|Any CPU.ActiveCfg = Release|Any CPU
		{AC384C2C-861A-43BE-8EA0-4B662E8A1BE2}.Release|Any CPU.Build.0 = Release|Any CPU
	EndGlobalSection
	GlobalSection(SolutionProperties) = preSolution
		HideSolutionNode = FALSE
	EndGlobalSection
	GlobalSection(ExtensibilityGlobals) = postSolution
		SolutionGuid = {F248A134-5ACC-4D50-8F5B-D8A6BFB0F03E}
	EndGlobalSection
EndGlobal
